// !$*UTF8*$!
{
	archiveVersion = 1;
	classes = {
	};
	objectVersion = 50;
	objects = {

/* Begin PBXBuildFile section */
		5F999B1A2151225F00C30C00 /* RxSwift.framework in Frameworks */ = {isa = PBXBuildFile; fileRef = 5F999B192151225F00C30C00 /* RxSwift.framework */; };
		5F999B1C2151226F00C30C00 /* RxCocoa.framework in Frameworks */ = {isa = PBXBuildFile; fileRef = 5F999B1B2151226F00C30C00 /* RxCocoa.framework */; };
		5F999B1E2151232D00C30C00 /* RxTest.framework in Frameworks */ = {isa = PBXBuildFile; fileRef = 5F999B1D2151232D00C30C00 /* RxTest.framework */; };
		8E7C244F209AF37A002E7ACF /* Net.framework in Frameworks */ = {isa = PBXBuildFile; fileRef = 8E7C2445209AF37A002E7ACF /* Net.framework */; };
		8E7C2456209AF37A002E7ACF /* Net.h in Headers */ = {isa = PBXBuildFile; fileRef = 8E7C2448209AF37A002E7ACF /* Net.h */; settings = {ATTRIBUTES = (Public, ); }; };
		8E7C2469209B0904002E7ACF /* NetworkPlugin.swift in Sources */ = {isa = PBXBuildFile; fileRef = 8E7C2463209B0904002E7ACF /* NetworkPlugin.swift */; };
		8E7C246A209B0904002E7ACF /* TargetType.swift in Sources */ = {isa = PBXBuildFile; fileRef = 8E7C2464209B0904002E7ACF /* TargetType.swift */; };
		8E7C246B209B0904002E7ACF /* NetworkClient.swift in Sources */ = {isa = PBXBuildFile; fileRef = 8E7C2465209B0904002E7ACF /* NetworkClient.swift */; };
		8E7C246C209B0904002E7ACF /* ContentType.swift in Sources */ = {isa = PBXBuildFile; fileRef = 8E7C2466209B0904002E7ACF /* ContentType.swift */; };
		8E7C246D209B0904002E7ACF /* HTTPMethod.swift in Sources */ = {isa = PBXBuildFile; fileRef = 8E7C2467209B0904002E7ACF /* HTTPMethod.swift */; };
		8E7C246E209B0904002E7ACF /* NetworkError.swift in Sources */ = {isa = PBXBuildFile; fileRef = 8E7C2468209B0904002E7ACF /* NetworkError.swift */; };
		8E7C2474209B1259002E7ACF /* NetworkLoggerPlugin.swift in Sources */ = {isa = PBXBuildFile; fileRef = 8E7C2473209B1259002E7ACF /* NetworkLoggerPlugin.swift */; };
		8E7C2479209B15A6002E7ACF /* NetworkResponse.swift in Sources */ = {isa = PBXBuildFile; fileRef = 8E7C2478209B15A6002E7ACF /* NetworkResponse.swift */; };
		8E7C24DE20A03FF3002E7ACF /* CompositePlugin.swift in Sources */ = {isa = PBXBuildFile; fileRef = 8E7C24DD20A03FF3002E7ACF /* CompositePlugin.swift */; };
		8E7C24E020A0408B002E7ACF /* DefaultErrorResponse.swift in Sources */ = {isa = PBXBuildFile; fileRef = 8E7C24DF20A0408B002E7ACF /* DefaultErrorResponse.swift */; };
		8EBE754D20A0705300F840C4 /* URLEncoder.swift in Sources */ = {isa = PBXBuildFile; fileRef = 8EBE754C20A0705300F840C4 /* URLEncoder.swift */; };
		8EC6A73520A183AB0089BC1A /* Target.swift in Sources */ = {isa = PBXBuildFile; fileRef = 8EC6A73420A183AB0089BC1A /* Target.swift */; };
		8EC6A73720A1852D0089BC1A /* TargetBuilder.swift in Sources */ = {isa = PBXBuildFile; fileRef = 8EC6A73620A1852D0089BC1A /* TargetBuilder.swift */; };
		8EC6A73920A18C4F0089BC1A /* NetworkClientTests.swift in Sources */ = {isa = PBXBuildFile; fileRef = 8EC6A73820A18C4F0089BC1A /* NetworkClientTests.swift */; };
		8EC6A73B20A18E030089BC1A /* MockPlugin.swift in Sources */ = {isa = PBXBuildFile; fileRef = 8EC6A73A20A18E030089BC1A /* MockPlugin.swift */; };
		8EC6A73E20A190A20089BC1A /* NetSessionProtocol.swift in Sources */ = {isa = PBXBuildFile; fileRef = 8EC6A73D20A190A20089BC1A /* NetSessionProtocol.swift */; };
		8EC6A74020A193FD0089BC1A /* NetSessionMock.swift in Sources */ = {isa = PBXBuildFile; fileRef = 8EC6A73F20A193FD0089BC1A /* NetSessionMock.swift */; };
		8EC6A74620A1D0DE0089BC1A /* CompositePluginTests.swift in Sources */ = {isa = PBXBuildFile; fileRef = 8EC6A74520A1D0DE0089BC1A /* CompositePluginTests.swift */; };
		8EC6A74920A1D57D0089BC1A /* TargetBuilderTests.swift in Sources */ = {isa = PBXBuildFile; fileRef = 8EC6A74820A1D57D0089BC1A /* TargetBuilderTests.swift */; };
/* End PBXBuildFile section */

/* Begin PBXContainerItemProxy section */
		8E7C2450209AF37A002E7ACF /* PBXContainerItemProxy */ = {
			isa = PBXContainerItemProxy;
			containerPortal = 8E7C243C209AF37A002E7ACF /* Project object */;
			proxyType = 1;
			remoteGlobalIDString = 8E7C2444209AF37A002E7ACF;
			remoteInfo = Net;
		};
/* End PBXContainerItemProxy section */

/* Begin PBXFileReference section */
		5F999B192151225F00C30C00 /* RxSwift.framework */ = {isa = PBXFileReference; lastKnownFileType = wrapper.framework; name = RxSwift.framework; path = Carthage/Build/iOS/RxSwift.framework; sourceTree = "<group>"; };
		5F999B1B2151226F00C30C00 /* RxCocoa.framework */ = {isa = PBXFileReference; lastKnownFileType = wrapper.framework; name = RxCocoa.framework; path = Carthage/Build/iOS/RxCocoa.framework; sourceTree = "<group>"; };
		5F999B1D2151232D00C30C00 /* RxTest.framework */ = {isa = PBXFileReference; lastKnownFileType = wrapper.framework; name = RxTest.framework; path = Carthage/Build/iOS/RxTest.framework; sourceTree = "<group>"; };
		8E7C2445209AF37A002E7ACF /* Net.framework */ = {isa = PBXFileReference; explicitFileType = wrapper.framework; includeInIndex = 0; path = Net.framework; sourceTree = BUILT_PRODUCTS_DIR; };
		8E7C2448209AF37A002E7ACF /* Net.h */ = {isa = PBXFileReference; lastKnownFileType = sourcecode.c.h; path = Net.h; sourceTree = "<group>"; };
		8E7C2449209AF37A002E7ACF /* Info.plist */ = {isa = PBXFileReference; lastKnownFileType = text.plist.xml; path = Info.plist; sourceTree = "<group>"; };
		8E7C244E209AF37A002E7ACF /* NetTests.xctest */ = {isa = PBXFileReference; explicitFileType = wrapper.cfbundle; includeInIndex = 0; path = NetTests.xctest; sourceTree = BUILT_PRODUCTS_DIR; };
		8E7C2455209AF37A002E7ACF /* Info.plist */ = {isa = PBXFileReference; lastKnownFileType = text.plist.xml; path = Info.plist; sourceTree = "<group>"; };
		8E7C2463209B0904002E7ACF /* NetworkPlugin.swift */ = {isa = PBXFileReference; fileEncoding = 4; lastKnownFileType = sourcecode.swift; path = NetworkPlugin.swift; sourceTree = "<group>"; };
		8E7C2464209B0904002E7ACF /* TargetType.swift */ = {isa = PBXFileReference; fileEncoding = 4; lastKnownFileType = sourcecode.swift; path = TargetType.swift; sourceTree = "<group>"; };
		8E7C2465209B0904002E7ACF /* NetworkClient.swift */ = {isa = PBXFileReference; fileEncoding = 4; lastKnownFileType = sourcecode.swift; path = NetworkClient.swift; sourceTree = "<group>"; };
		8E7C2466209B0904002E7ACF /* ContentType.swift */ = {isa = PBXFileReference; fileEncoding = 4; lastKnownFileType = sourcecode.swift; path = ContentType.swift; sourceTree = "<group>"; };
		8E7C2467209B0904002E7ACF /* HTTPMethod.swift */ = {isa = PBXFileReference; fileEncoding = 4; lastKnownFileType = sourcecode.swift; path = HTTPMethod.swift; sourceTree = "<group>"; };
		8E7C2468209B0904002E7ACF /* NetworkError.swift */ = {isa = PBXFileReference; fileEncoding = 4; lastKnownFileType = sourcecode.swift; path = NetworkError.swift; sourceTree = "<group>"; };
		8E7C2473209B1259002E7ACF /* NetworkLoggerPlugin.swift */ = {isa = PBXFileReference; lastKnownFileType = sourcecode.swift; path = NetworkLoggerPlugin.swift; sourceTree = "<group>"; };
		8E7C2478209B15A6002E7ACF /* NetworkResponse.swift */ = {isa = PBXFileReference; lastKnownFileType = sourcecode.swift; path = NetworkResponse.swift; sourceTree = "<group>"; };
		8E7C24DD20A03FF3002E7ACF /* CompositePlugin.swift */ = {isa = PBXFileReference; lastKnownFileType = sourcecode.swift; path = CompositePlugin.swift; sourceTree = "<group>"; };
		8E7C24DF20A0408B002E7ACF /* DefaultErrorResponse.swift */ = {isa = PBXFileReference; lastKnownFileType = sourcecode.swift; path = DefaultErrorResponse.swift; sourceTree = "<group>"; };
		8EBE754C20A0705300F840C4 /* URLEncoder.swift */ = {isa = PBXFileReference; lastKnownFileType = sourcecode.swift; path = URLEncoder.swift; sourceTree = "<group>"; };
		8EC6A73420A183AB0089BC1A /* Target.swift */ = {isa = PBXFileReference; lastKnownFileType = sourcecode.swift; path = Target.swift; sourceTree = "<group>"; };
		8EC6A73620A1852D0089BC1A /* TargetBuilder.swift */ = {isa = PBXFileReference; lastKnownFileType = sourcecode.swift; path = TargetBuilder.swift; sourceTree = "<group>"; };
		8EC6A73820A18C4F0089BC1A /* NetworkClientTests.swift */ = {isa = PBXFileReference; lastKnownFileType = sourcecode.swift; path = NetworkClientTests.swift; sourceTree = "<group>"; };
		8EC6A73A20A18E030089BC1A /* MockPlugin.swift */ = {isa = PBXFileReference; lastKnownFileType = sourcecode.swift; path = MockPlugin.swift; sourceTree = "<group>"; };
		8EC6A73D20A190A20089BC1A /* NetSessionProtocol.swift */ = {isa = PBXFileReference; lastKnownFileType = sourcecode.swift; path = NetSessionProtocol.swift; sourceTree = "<group>"; };
		8EC6A73F20A193FD0089BC1A /* NetSessionMock.swift */ = {isa = PBXFileReference; lastKnownFileType = sourcecode.swift; path = NetSessionMock.swift; sourceTree = "<group>"; };
		8EC6A74520A1D0DE0089BC1A /* CompositePluginTests.swift */ = {isa = PBXFileReference; lastKnownFileType = sourcecode.swift; path = CompositePluginTests.swift; sourceTree = "<group>"; };
		8EC6A74820A1D57D0089BC1A /* TargetBuilderTests.swift */ = {isa = PBXFileReference; lastKnownFileType = sourcecode.swift; path = TargetBuilderTests.swift; sourceTree = "<group>"; };
/* End PBXFileReference section */

/* Begin PBXFrameworksBuildPhase section */
		8E7C2441209AF37A002E7ACF /* Frameworks */ = {
			isa = PBXFrameworksBuildPhase;
			buildActionMask = 2147483647;
			files = (
				5F999B1C2151226F00C30C00 /* RxCocoa.framework in Frameworks */,
				5F999B1A2151225F00C30C00 /* RxSwift.framework in Frameworks */,
			);
			runOnlyForDeploymentPostprocessing = 0;
		};
		8E7C244B209AF37A002E7ACF /* Frameworks */ = {
			isa = PBXFrameworksBuildPhase;
			buildActionMask = 2147483647;
			files = (
				5F999B1E2151232D00C30C00 /* RxTest.framework in Frameworks */,
				8E7C244F209AF37A002E7ACF /* Net.framework in Frameworks */,
			);
			runOnlyForDeploymentPostprocessing = 0;
		};
/* End PBXFrameworksBuildPhase section */

/* Begin PBXGroup section */
		8E7C243B209AF37A002E7ACF = {
			isa = PBXGroup;
			children = (
				8E7C2447209AF37A002E7ACF /* Net */,
				8E7C2452209AF37A002E7ACF /* NetTests */,
				8E7C2446209AF37A002E7ACF /* Products */,
				8E7C245F209AF3CA002E7ACF /* Frameworks */,
			);
			sourceTree = "<group>";
		};
		8E7C2446209AF37A002E7ACF /* Products */ = {
			isa = PBXGroup;
			children = (
				8E7C2445209AF37A002E7ACF /* Net.framework */,
				8E7C244E209AF37A002E7ACF /* NetTests.xctest */,
			);
			name = Products;
			sourceTree = "<group>";
		};
		8E7C2447209AF37A002E7ACF /* Net */ = {
			isa = PBXGroup;
			children = (
				8E7C2448209AF37A002E7ACF /* Net.h */,
				8E7C2449209AF37A002E7ACF /* Info.plist */,
				8E7C2462209B08F0002E7ACF /* Sources */,
			);
			path = Net;
			sourceTree = "<group>";
		};
		8E7C2452209AF37A002E7ACF /* NetTests */ = {
			isa = PBXGroup;
			children = (
				8EC6A74720A1D0E40089BC1A /* Mocks */,
				8EC6A73820A18C4F0089BC1A /* NetworkClientTests.swift */,
				8EC6A74520A1D0DE0089BC1A /* CompositePluginTests.swift */,
				8EC6A74820A1D57D0089BC1A /* TargetBuilderTests.swift */,
				8E7C2455209AF37A002E7ACF /* Info.plist */,
			);
			path = NetTests;
			sourceTree = "<group>";
		};
		8E7C245F209AF3CA002E7ACF /* Frameworks */ = {
			isa = PBXGroup;
			children = (
				5F999B1D2151232D00C30C00 /* RxTest.framework */,
				5F999B1B2151226F00C30C00 /* RxCocoa.framework */,
				5F999B192151225F00C30C00 /* RxSwift.framework */,
			);
			name = Frameworks;
			sourceTree = "<group>";
		};
		8E7C2462209B08F0002E7ACF /* Sources */ = {
			isa = PBXGroup;
			children = (
				8E7C2466209B0904002E7ACF /* ContentType.swift */,
				8E7C2467209B0904002E7ACF /* HTTPMethod.swift */,
				8E7C2468209B0904002E7ACF /* NetworkError.swift */,
				8E7C2478209B15A6002E7ACF /* NetworkResponse.swift */,
				8E7C24DF20A0408B002E7ACF /* DefaultErrorResponse.swift */,
				8EC6A73D20A190A20089BC1A /* NetSessionProtocol.swift */,
				8E7C2465209B0904002E7ACF /* NetworkClient.swift */,
				8EBE754C20A0705300F840C4 /* URLEncoder.swift */,
				8E7C2472209B122E002E7ACF /* NetworkPlugin */,
				8E7C247C209B3644002E7ACF /* TargetType */,
			);
			path = Sources;
			sourceTree = "<group>";
		};
		8E7C2472209B122E002E7ACF /* NetworkPlugin */ = {
			isa = PBXGroup;
			children = (
				8E7C2463209B0904002E7ACF /* NetworkPlugin.swift */,
				8E7C24DD20A03FF3002E7ACF /* CompositePlugin.swift */,
				8E7C2473209B1259002E7ACF /* NetworkLoggerPlugin.swift */,
			);
			path = NetworkPlugin;
			sourceTree = "<group>";
		};
		8E7C247C209B3644002E7ACF /* TargetType */ = {
			isa = PBXGroup;
			children = (
				8E7C2464209B0904002E7ACF /* TargetType.swift */,
				8EC6A73420A183AB0089BC1A /* Target.swift */,
				8EC6A73620A1852D0089BC1A /* TargetBuilder.swift */,
			);
			path = TargetType;
			sourceTree = "<group>";
		};
		8EC6A74720A1D0E40089BC1A /* Mocks */ = {
			isa = PBXGroup;
			children = (
				8EC6A73A20A18E030089BC1A /* MockPlugin.swift */,
				8EC6A73F20A193FD0089BC1A /* NetSessionMock.swift */,
			);
			path = Mocks;
			sourceTree = "<group>";
		};
/* End PBXGroup section */

/* Begin PBXHeadersBuildPhase section */
		8E7C2442209AF37A002E7ACF /* Headers */ = {
			isa = PBXHeadersBuildPhase;
			buildActionMask = 2147483647;
			files = (
				8E7C2456209AF37A002E7ACF /* Net.h in Headers */,
			);
			runOnlyForDeploymentPostprocessing = 0;
		};
/* End PBXHeadersBuildPhase section */

/* Begin PBXNativeTarget section */
		8E7C2444209AF37A002E7ACF /* Net */ = {
			isa = PBXNativeTarget;
			buildConfigurationList = 8E7C2459209AF37A002E7ACF /* Build configuration list for PBXNativeTarget "Net" */;
			buildPhases = (
				8E7C2440209AF37A002E7ACF /* Sources */,
				8E7C2441209AF37A002E7ACF /* Frameworks */,
				8E7C2442209AF37A002E7ACF /* Headers */,
				8E7C2443209AF37A002E7ACF /* Resources */,
			);
			buildRules = (
			);
			dependencies = (
			);
			name = Net;
			productName = Net;
			productReference = 8E7C2445209AF37A002E7ACF /* Net.framework */;
			productType = "com.apple.product-type.framework";
		};
		8E7C244D209AF37A002E7ACF /* NetTests */ = {
			isa = PBXNativeTarget;
			buildConfigurationList = 8E7C245C209AF37A002E7ACF /* Build configuration list for PBXNativeTarget "NetTests" */;
			buildPhases = (
				8E7C244A209AF37A002E7ACF /* Sources */,
				8E7C244B209AF37A002E7ACF /* Frameworks */,
				8E7C244C209AF37A002E7ACF /* Resources */,
			);
			buildRules = (
			);
			dependencies = (
				8E7C2451209AF37A002E7ACF /* PBXTargetDependency */,
			);
			name = NetTests;
			productName = NetTests;
			productReference = 8E7C244E209AF37A002E7ACF /* NetTests.xctest */;
			productType = "com.apple.product-type.bundle.unit-test";
		};
/* End PBXNativeTarget section */

/* Begin PBXProject section */
		8E7C243C209AF37A002E7ACF /* Project object */ = {
			isa = PBXProject;
			attributes = {
				LastSwiftUpdateCheck = 0930;
				LastUpgradeCheck = 0930;
				ORGANIZATIONNAME = "UPTech Team";
				TargetAttributes = {
					8E7C2444209AF37A002E7ACF = {
						CreatedOnToolsVersion = 9.3;
						LastSwiftMigration = 1000;
					};
					8E7C244D209AF37A002E7ACF = {
						CreatedOnToolsVersion = 9.3;
						LastSwiftMigration = 1000;
					};
				};
			};
			buildConfigurationList = 8E7C243F209AF37A002E7ACF /* Build configuration list for PBXProject "Net" */;
			compatibilityVersion = "Xcode 9.3";
			developmentRegion = en;
			hasScannedForEncodings = 0;
			knownRegions = (
				en,
			);
			mainGroup = 8E7C243B209AF37A002E7ACF;
			productRefGroup = 8E7C2446209AF37A002E7ACF /* Products */;
			projectDirPath = "";
			projectRoot = "";
			targets = (
				8E7C2444209AF37A002E7ACF /* Net */,
				8E7C244D209AF37A002E7ACF /* NetTests */,
			);
		};
/* End PBXProject section */

/* Begin PBXResourcesBuildPhase section */
		8E7C2443209AF37A002E7ACF /* Resources */ = {
			isa = PBXResourcesBuildPhase;
			buildActionMask = 2147483647;
			files = (
			);
			runOnlyForDeploymentPostprocessing = 0;
		};
		8E7C244C209AF37A002E7ACF /* Resources */ = {
			isa = PBXResourcesBuildPhase;
			buildActionMask = 2147483647;
			files = (
			);
			runOnlyForDeploymentPostprocessing = 0;
		};
/* End PBXResourcesBuildPhase section */

/* Begin PBXSourcesBuildPhase section */
		8E7C2440209AF37A002E7ACF /* Sources */ = {
			isa = PBXSourcesBuildPhase;
			buildActionMask = 2147483647;
			files = (
				8E7C246A209B0904002E7ACF /* TargetType.swift in Sources */,
				8E7C2474209B1259002E7ACF /* NetworkLoggerPlugin.swift in Sources */,
				8E7C246C209B0904002E7ACF /* ContentType.swift in Sources */,
				8E7C2469209B0904002E7ACF /* NetworkPlugin.swift in Sources */,
				8EC6A73E20A190A20089BC1A /* NetSessionProtocol.swift in Sources */,
				8E7C24E020A0408B002E7ACF /* DefaultErrorResponse.swift in Sources */,
				8E7C246E209B0904002E7ACF /* NetworkError.swift in Sources */,
				8EC6A73520A183AB0089BC1A /* Target.swift in Sources */,
				8EBE754D20A0705300F840C4 /* URLEncoder.swift in Sources */,
				8E7C2479209B15A6002E7ACF /* NetworkResponse.swift in Sources */,
				8E7C246D209B0904002E7ACF /* HTTPMethod.swift in Sources */,
				8EC6A73720A1852D0089BC1A /* TargetBuilder.swift in Sources */,
				8E7C246B209B0904002E7ACF /* NetworkClient.swift in Sources */,
				8E7C24DE20A03FF3002E7ACF /* CompositePlugin.swift in Sources */,
			);
			runOnlyForDeploymentPostprocessing = 0;
		};
		8E7C244A209AF37A002E7ACF /* Sources */ = {
			isa = PBXSourcesBuildPhase;
			buildActionMask = 2147483647;
			files = (
				8EC6A74020A193FD0089BC1A /* NetSessionMock.swift in Sources */,
				8EC6A73B20A18E030089BC1A /* MockPlugin.swift in Sources */,
				8EC6A74620A1D0DE0089BC1A /* CompositePluginTests.swift in Sources */,
				8EC6A74920A1D57D0089BC1A /* TargetBuilderTests.swift in Sources */,
				8EC6A73920A18C4F0089BC1A /* NetworkClientTests.swift in Sources */,
			);
			runOnlyForDeploymentPostprocessing = 0;
		};
/* End PBXSourcesBuildPhase section */

/* Begin PBXTargetDependency section */
		8E7C2451209AF37A002E7ACF /* PBXTargetDependency */ = {
			isa = PBXTargetDependency;
			target = 8E7C2444209AF37A002E7ACF /* Net */;
			targetProxy = 8E7C2450209AF37A002E7ACF /* PBXContainerItemProxy */;
		};
/* End PBXTargetDependency section */

/* Begin XCBuildConfiguration section */
		8E7C2457209AF37A002E7ACF /* Debug */ = {
			isa = XCBuildConfiguration;
			buildSettings = {
				ALWAYS_SEARCH_USER_PATHS = NO;
				CLANG_ANALYZER_NONNULL = YES;
				CLANG_ANALYZER_NUMBER_OBJECT_CONVERSION = YES_AGGRESSIVE;
				CLANG_CXX_LANGUAGE_STANDARD = "gnu++14";
				CLANG_CXX_LIBRARY = "libc++";
				CLANG_ENABLE_MODULES = YES;
				CLANG_ENABLE_OBJC_ARC = YES;
				CLANG_ENABLE_OBJC_WEAK = YES;
				CLANG_WARN_BLOCK_CAPTURE_AUTORELEASING = YES;
				CLANG_WARN_BOOL_CONVERSION = YES;
				CLANG_WARN_COMMA = YES;
				CLANG_WARN_CONSTANT_CONVERSION = YES;
				CLANG_WARN_DEPRECATED_OBJC_IMPLEMENTATIONS = YES;
				CLANG_WARN_DIRECT_OBJC_ISA_USAGE = YES_ERROR;
				CLANG_WARN_DOCUMENTATION_COMMENTS = YES;
				CLANG_WARN_EMPTY_BODY = YES;
				CLANG_WARN_ENUM_CONVERSION = YES;
				CLANG_WARN_INFINITE_RECURSION = YES;
				CLANG_WARN_INT_CONVERSION = YES;
				CLANG_WARN_NON_LITERAL_NULL_CONVERSION = YES;
				CLANG_WARN_OBJC_IMPLICIT_RETAIN_SELF = YES;
				CLANG_WARN_OBJC_LITERAL_CONVERSION = YES;
				CLANG_WARN_OBJC_ROOT_CLASS = YES_ERROR;
				CLANG_WARN_RANGE_LOOP_ANALYSIS = YES;
				CLANG_WARN_STRICT_PROTOTYPES = YES;
				CLANG_WARN_SUSPICIOUS_MOVE = YES;
				CLANG_WARN_UNGUARDED_AVAILABILITY = YES_AGGRESSIVE;
				CLANG_WARN_UNREACHABLE_CODE = YES;
				CLANG_WARN__DUPLICATE_METHOD_MATCH = YES;
				CODE_SIGN_IDENTITY = "iPhone Developer";
				COPY_PHASE_STRIP = NO;
				CURRENT_PROJECT_VERSION = 1;
				DEBUG_INFORMATION_FORMAT = dwarf;
				ENABLE_STRICT_OBJC_MSGSEND = YES;
				ENABLE_TESTABILITY = YES;
				GCC_C_LANGUAGE_STANDARD = gnu11;
				GCC_DYNAMIC_NO_PIC = NO;
				GCC_NO_COMMON_BLOCKS = YES;
				GCC_OPTIMIZATION_LEVEL = 0;
				GCC_PREPROCESSOR_DEFINITIONS = (
					"DEBUG=1",
					"$(inherited)",
				);
				GCC_WARN_64_TO_32_BIT_CONVERSION = YES;
				GCC_WARN_ABOUT_RETURN_TYPE = YES_ERROR;
				GCC_WARN_UNDECLARED_SELECTOR = YES;
				GCC_WARN_UNINITIALIZED_AUTOS = YES_AGGRESSIVE;
				GCC_WARN_UNUSED_FUNCTION = YES;
				GCC_WARN_UNUSED_VARIABLE = YES;
				IPHONEOS_DEPLOYMENT_TARGET = 11.3;
				MTL_ENABLE_DEBUG_INFO = YES;
				ONLY_ACTIVE_ARCH = YES;
				SDKROOT = iphoneos;
				SWIFT_ACTIVE_COMPILATION_CONDITIONS = DEBUG;
				SWIFT_OPTIMIZATION_LEVEL = "-Onone";
				SWIFT_VERSION = 4.2;
				VERSIONING_SYSTEM = "apple-generic";
				VERSION_INFO_PREFIX = "";
			};
			name = Debug;
		};
		8E7C2458209AF37A002E7ACF /* Release */ = {
			isa = XCBuildConfiguration;
			buildSettings = {
				ALWAYS_SEARCH_USER_PATHS = NO;
				CLANG_ANALYZER_NONNULL = YES;
				CLANG_ANALYZER_NUMBER_OBJECT_CONVERSION = YES_AGGRESSIVE;
				CLANG_CXX_LANGUAGE_STANDARD = "gnu++14";
				CLANG_CXX_LIBRARY = "libc++";
				CLANG_ENABLE_MODULES = YES;
				CLANG_ENABLE_OBJC_ARC = YES;
				CLANG_ENABLE_OBJC_WEAK = YES;
				CLANG_WARN_BLOCK_CAPTURE_AUTORELEASING = YES;
				CLANG_WARN_BOOL_CONVERSION = YES;
				CLANG_WARN_COMMA = YES;
				CLANG_WARN_CONSTANT_CONVERSION = YES;
				CLANG_WARN_DEPRECATED_OBJC_IMPLEMENTATIONS = YES;
				CLANG_WARN_DIRECT_OBJC_ISA_USAGE = YES_ERROR;
				CLANG_WARN_DOCUMENTATION_COMMENTS = YES;
				CLANG_WARN_EMPTY_BODY = YES;
				CLANG_WARN_ENUM_CONVERSION = YES;
				CLANG_WARN_INFINITE_RECURSION = YES;
				CLANG_WARN_INT_CONVERSION = YES;
				CLANG_WARN_NON_LITERAL_NULL_CONVERSION = YES;
				CLANG_WARN_OBJC_IMPLICIT_RETAIN_SELF = YES;
				CLANG_WARN_OBJC_LITERAL_CONVERSION = YES;
				CLANG_WARN_OBJC_ROOT_CLASS = YES_ERROR;
				CLANG_WARN_RANGE_LOOP_ANALYSIS = YES;
				CLANG_WARN_STRICT_PROTOTYPES = YES;
				CLANG_WARN_SUSPICIOUS_MOVE = YES;
				CLANG_WARN_UNGUARDED_AVAILABILITY = YES_AGGRESSIVE;
				CLANG_WARN_UNREACHABLE_CODE = YES;
				CLANG_WARN__DUPLICATE_METHOD_MATCH = YES;
				CODE_SIGN_IDENTITY = "iPhone Developer";
				COPY_PHASE_STRIP = NO;
				CURRENT_PROJECT_VERSION = 1;
				DEBUG_INFORMATION_FORMAT = "dwarf-with-dsym";
				ENABLE_NS_ASSERTIONS = NO;
				ENABLE_STRICT_OBJC_MSGSEND = YES;
				GCC_C_LANGUAGE_STANDARD = gnu11;
				GCC_NO_COMMON_BLOCKS = YES;
				GCC_WARN_64_TO_32_BIT_CONVERSION = YES;
				GCC_WARN_ABOUT_RETURN_TYPE = YES_ERROR;
				GCC_WARN_UNDECLARED_SELECTOR = YES;
				GCC_WARN_UNINITIALIZED_AUTOS = YES_AGGRESSIVE;
				GCC_WARN_UNUSED_FUNCTION = YES;
				GCC_WARN_UNUSED_VARIABLE = YES;
				IPHONEOS_DEPLOYMENT_TARGET = 11.3;
				MTL_ENABLE_DEBUG_INFO = NO;
				SDKROOT = iphoneos;
				SWIFT_COMPILATION_MODE = wholemodule;
				SWIFT_OPTIMIZATION_LEVEL = "-O";
				SWIFT_VERSION = 4.2;
				VALIDATE_PRODUCT = YES;
				VERSIONING_SYSTEM = "apple-generic";
				VERSION_INFO_PREFIX = "";
			};
			name = Release;
		};
		8E7C245A209AF37A002E7ACF /* Debug */ = {
			isa = XCBuildConfiguration;
			buildSettings = {
				CLANG_ENABLE_MODULES = YES;
				CODE_SIGN_IDENTITY = "";
				CODE_SIGN_STYLE = Automatic;
				DEFINES_MODULE = YES;
				DEVELOPMENT_TEAM = E6856DRNEB;
				DYLIB_COMPATIBILITY_VERSION = 1;
				DYLIB_CURRENT_VERSION = 1;
				DYLIB_INSTALL_NAME_BASE = "@rpath";
				FRAMEWORK_SEARCH_PATHS = (
					"$(inherited)",
					"$(PROJECT_DIR)/Carthage/Build/iOS",
				);
				INFOPLIST_FILE = Net/Info.plist;
				INSTALL_PATH = "$(LOCAL_LIBRARY_DIR)/Frameworks";
				IPHONEOS_DEPLOYMENT_TARGET = 9.0;
				LD_RUNPATH_SEARCH_PATHS = (
					"$(inherited)",
					"@executable_path/Frameworks",
					"@loader_path/Frameworks",
				);
				PRODUCT_BUNDLE_IDENTIFIER = com.uptechteam.Net;
				PRODUCT_NAME = "$(TARGET_NAME:c99extidentifier)";
				SKIP_INSTALL = YES;
				SWIFT_OPTIMIZATION_LEVEL = "-Onone";
				SWIFT_VERSION = 4.2;
				TARGETED_DEVICE_FAMILY = "1,2";
			};
			name = Debug;
		};
		8E7C245B209AF37A002E7ACF /* Release */ = {
			isa = XCBuildConfiguration;
			buildSettings = {
				CLANG_ENABLE_MODULES = YES;
				CODE_SIGN_IDENTITY = "";
				CODE_SIGN_STYLE = Automatic;
				DEFINES_MODULE = YES;
				DEVELOPMENT_TEAM = E6856DRNEB;
				DYLIB_COMPATIBILITY_VERSION = 1;
				DYLIB_CURRENT_VERSION = 1;
				DYLIB_INSTALL_NAME_BASE = "@rpath";
				FRAMEWORK_SEARCH_PATHS = (
					"$(inherited)",
					"$(PROJECT_DIR)/Carthage/Build/iOS",
				);
				INFOPLIST_FILE = Net/Info.plist;
				INSTALL_PATH = "$(LOCAL_LIBRARY_DIR)/Frameworks";
				IPHONEOS_DEPLOYMENT_TARGET = 9.0;
				LD_RUNPATH_SEARCH_PATHS = (
					"$(inherited)",
					"@executable_path/Frameworks",
					"@loader_path/Frameworks",
				);
				PRODUCT_BUNDLE_IDENTIFIER = com.uptechteam.Net;
				PRODUCT_NAME = "$(TARGET_NAME:c99extidentifier)";
				SKIP_INSTALL = YES;
				SWIFT_VERSION = 4.2;
				TARGETED_DEVICE_FAMILY = "1,2";
			};
			name = Release;
		};
		8E7C245D209AF37A002E7ACF /* Debug */ = {
			isa = XCBuildConfiguration;
			buildSettings = {
				ALWAYS_EMBED_SWIFT_STANDARD_LIBRARIES = YES;
				CODE_SIGN_STYLE = Automatic;
				DEVELOPMENT_TEAM = 29286X6DM7;
				FRAMEWORK_SEARCH_PATHS = (
					"$(inherited)",
					"$(PROJECT_DIR)/Carthage/Build/iOS",
				);
				INFOPLIST_FILE = NetTests/Info.plist;
				LD_RUNPATH_SEARCH_PATHS = (
					"$(inherited)",
					"@executable_path/Frameworks",
					"@loader_path/Frameworks",
				);
				PRODUCT_BUNDLE_IDENTIFIER = com.uptechteam.NetTests;
				PRODUCT_NAME = "$(TARGET_NAME)";
				SWIFT_VERSION = 4.2;
				TARGETED_DEVICE_FAMILY = "1,2";
			};
			name = Debug;
		};
		8E7C245E209AF37A002E7ACF /* Release */ = {
			isa = XCBuildConfiguration;
			buildSettings = {
				ALWAYS_EMBED_SWIFT_STANDARD_LIBRARIES = YES;
				CODE_SIGN_STYLE = Automatic;
				DEVELOPMENT_TEAM = 29286X6DM7;
				FRAMEWORK_SEARCH_PATHS = (
					"$(inherited)",
					"$(PROJECT_DIR)/Carthage/Build/iOS",
				);
				INFOPLIST_FILE = NetTests/Info.plist;
				LD_RUNPATH_SEARCH_PATHS = (
					"$(inherited)",
					"@executable_path/Frameworks",
					"@loader_path/Frameworks",
				);
				PRODUCT_BUNDLE_IDENTIFIER = com.uptechteam.NetTests;
				PRODUCT_NAME = "$(TARGET_NAME)";
				SWIFT_VERSION = 4.2;
				TARGETED_DEVICE_FAMILY = "1,2";
			};
			name = Release;
		};
/* End XCBuildConfiguration section */

/* Begin XCConfigurationList section */
		8E7C243F209AF37A002E7ACF /* Build configuration list for PBXProject "Net" */ = {
			isa = XCConfigurationList;
			buildConfigurations = (
				8E7C2457209AF37A002E7ACF /* Debug */,
				8E7C2458209AF37A002E7ACF /* Release */,
			);
			defaultConfigurationIsVisible = 0;
			defaultConfigurationName = Release;
		};
		8E7C2459209AF37A002E7ACF /* Build configuration list for PBXNativeTarget "Net" */ = {
			isa = XCConfigurationList;
			buildConfigurations = (
				8E7C245A209AF37A002E7ACF /* Debug */,
				8E7C245B209AF37A002E7ACF /* Release */,
			);
			defaultConfigurationIsVisible = 0;
			defaultConfigurationName = Release;
		};
		8E7C245C209AF37A002E7ACF /* Build configuration list for PBXNativeTarget "NetTests" */ = {
			isa = XCConfigurationList;
			buildConfigurations = (
				8E7C245D209AF37A002E7ACF /* Debug */,
				8E7C245E209AF37A002E7ACF /* Release */,
			);
			defaultConfigurationIsVisible = 0;
			defaultConfigurationName = Release;
		};
/* End XCConfigurationList section */
	};
	rootObject = 8E7C243C209AF37A002E7ACF /* Project object */;
}
